
Microsoft Visual Studio Solution File, Format Version 12.00
# Visual Studio Version 16
VisualStudioVersion = 16.0.29806.167
MinimumVisualStudioVersion = 10.0.40219.1
Project("{FAE04EC0-301F-11D3-BF4B-00C04F79EFBC}") = "WinForms", "WinForms.csproj", "{896D5060-E57F-4B84-98DE-D737D9C7B4A0}"
	ProjectSection(ProjectDependencies) = postProject
		{5E7A66F4-E1DA-434C-BD56-1335EC380B80} = {5E7A66F4-E1DA-434C-BD56-1335EC380B80}
	EndProjectSection
EndProject
Project("{FAE04EC0-301F-11D3-BF4B-00C04F79EFBC}") = "Domain", "..\Domain\Domain.csproj", "{5E7A66F4-E1DA-434C-BD56-1335EC380B80}"
EndProject
Global
	GlobalSection(SolutionConfigurationPlatforms) = preSolution
		Debug|Any CPU = Debug|Any CPU
		Release|Any CPU = Release|Any CPU
	EndGlobalSection
	GlobalSection(ProjectConfigurationPlatforms) = postSolution
		{896D5060-E57F-4B84-98DE-D737D9C7B4A0}.Debug|Any CPU.ActiveCfg = Debug|Any CPU
		{896D5060-E57F-4B84-98DE-D737D9C7B4A0}.Debug|Any CPU.Build.0 = Debug|Any CPU
		{896D5060-E57F-4B84-98DE-D737D9C7B4A0}.Release|Any CPU.ActiveCfg = Release|Any CPU
		{896D5060-E57F-4B84-98DE-D737D9C7B4A0}.Release|Any CPU.Build.0 = Release|Any CPU
		{5E7A66F4-E1DA-434C-BD56-1335EC380B80}.Debug|Any CPU.ActiveCfg = Debug|Any CPU
		{5E7A66F4-E1DA-434C-BD56-1335EC380B80}.Debug|Any CPU.Build.0 = Debug|Any CPU
		{5E7A66F4-E1DA-434C-BD56-1335EC380B80}.Release|Any CPU.ActiveCfg = Release|Any CPU
		{5E7A66F4-E1DA-434C-BD56-1335EC380B80}.Release|Any CPU.Build.0 = Release|Any CPU
	EndGlobalSection
	GlobalSection(SolutionProperties) = preSolution
		HideSolutionNode = FALSE
	EndGlobalSection
	GlobalSection(ExtensibilityGlobals) = postSolution
		SolutionGuid = {A4C1221E-1B1D-4114-BF1D-633D0077ECD8}
	EndGlobalSection
EndGlobal
